
Microsoft Visual Studio Solution File, Format Version 12.00
# Visual Studio 15
VisualStudioVersion = 15.0.28307.329
MinimumVisualStudioVersion = 10.0.40219.1
Project("{FAE04EC0-301F-11D3-BF4B-00C04F79EFBC}") = "Practica 5.3", "Practica 5.3\Practica 5.3.csproj", "{4D744082-9014-4897-AF41-85E88B56EE21}"
EndProject
Project("{FAE04EC0-301F-11D3-BF4B-00C04F79EFBC}") = "DAL", "DAL\DAL.csproj", "{A19EDB85-061D-46B6-886D-CED0AD4C8430}"
EndProject
Global
	GlobalSection(SolutionConfigurationPlatforms) = preSolution
		Debug|Any CPU = Debug|Any CPU
		Release|Any CPU = Release|Any CPU
	EndGlobalSection
	GlobalSection(ProjectConfigurationPlatforms) = postSolution
		{4D744082-9014-4897-AF41-85E88B56EE21}.Debug|Any CPU.ActiveCfg = Debug|Any CPU
		{4D744082-9014-4897-AF41-85E88B56EE21}.Debug|Any CPU.Build.0 = Debug|Any CPU
		{4D744082-9014-4897-AF41-85E88B56EE21}.Release|Any CPU.ActiveCfg = Release|Any CPU
		{4D744082-9014-4897-AF41-85E88B56EE21}.Release|Any CPU.Build.0 = Release|Any CPU
		{A19EDB85-061D-46B6-886D-CED0AD4C8430}.Debug|Any CPU.ActiveCfg = Debug|Any CPU
		{A19EDB85-061D-46B6-886D-CED0AD4C8430}.Debug|Any CPU.Build.0 = Debug|Any CPU
		{A19EDB85-061D-46B6-886D-CED0AD4C8430}.Release|Any CPU.ActiveCfg = Release|Any CPU
		{A19EDB85-061D-46B6-886D-CED0AD4C8430}.Release|Any CPU.Build.0 = Release|Any CPU
	EndGlobalSection
	GlobalSection(SolutionProperties) = preSolution
		HideSolutionNode = FALSE
	EndGlobalSection
	GlobalSection(ExtensibilityGlobals) = postSolution
		SolutionGuid = {AD0FDD31-CF51-42C5-B550-AC7DD509B016}
	EndGlobalSection
EndGlobal
